
Microsoft Visual Studio Solution File, Format Version 12.00
# Visual Studio Version 17
VisualStudioVersion = 17.5.002.0
MinimumVisualStudioVersion = 10.0.40219.1
Project("{2150E333-8FDC-42A3-9474-1A3956D46DE8}") = "Solution Items", "Solution Items", "{EE630536-15D1-438F-852D-14C534AB7E80}"
	ProjectSection(SolutionItems) = preProject
		.editorconfig = .editorconfig
		.gitignore = .gitignore
		global.json = global.json
		LICENSE = LICENSE
		README.md = README.md
		api.NodeProxy\api.NodeProxy.README.md = api.NodeProxy\api.NodeProxy.README.md
		ui.NodeProxy\ui.NodeProxy.README.md = ui.NodeProxy\ui.NodeProxy.README.md
	EndProjectSection
EndProject
Project("{9A19103F-16F7-4668-BE54-9A1E7A4F7556}") = "api.GraphExtensions.Tests", "api.GraphExtensions.Tests\api.GraphExtensions.Tests.csproj", "{7AF9A3D8-FB60-44E6-80AD-888C7D5324EC}"
EndProject
Project("{9A19103F-16F7-4668-BE54-9A1E7A4F7556}") = "api.Portfolio.Tests", "api.Portfolio.Tests\api.Portfolio.Tests.csproj", "{5D183729-DD3A-483D-A77E-DBB581F75AA0}"
EndProject
Project("{9A19103F-16F7-4668-BE54-9A1E7A4F7556}") = "api.Customers", "api.Customers\api.Customers.csproj", "{FB8F248D-EE2E-46B7-AD2F-43D0CC06AC6F}"
EndProject
Project("{9A19103F-16F7-4668-BE54-9A1E7A4F7556}") = "api.Shared.Tests", "api.Shared.Tests\api.Shared.Tests.csproj", "{09A4F0A2-B1D0-4DE9-BF3E-039F6EA12DE6}"
EndProject
Project("{9A19103F-16F7-4668-BE54-9A1E7A4F7556}") = "api.Application", "api.Application\api.Application.csproj", "{5218A374-5393-417E-9FD2-72421177C093}"
EndProject
Project("{9A19103F-16F7-4668-BE54-9A1E7A4F7556}") = "api.Categories", "api.Categories\api.Categories.csproj", "{B95D3DF4-764C-4A02-959D-C26333847BFD}"
EndProject
Project("{9A19103F-16F7-4668-BE54-9A1E7A4F7556}") = "api.Testing.Shared", "api.Testing.Shared\api.Testing.Shared.csproj", "{729B7542-56E4-410B-A564-1839BFEEE2D4}"
EndProject
Project("{9A19103F-16F7-4668-BE54-9A1E7A4F7556}") = "api.Tests", "api.Tests\api.Tests.csproj", "{A8891C8E-D68A-4FC1-AD5C-A299D640C2F6}"
EndProject
Project("{9A19103F-16F7-4668-BE54-9A1E7A4F7556}") = "api.Shared", "api.Shared\api.Shared.csproj", "{64C17FD4-478E-433A-87D8-93EBD004FA62}"
EndProject
Project("{9A19103F-16F7-4668-BE54-9A1E7A4F7556}") = "api.Customers.Tests", "api.Customers.Tests\api.Customers.Tests.csproj", "{ED1494EF-A733-4906-8B40-C4A76E922BC2}"
EndProject
Project("{9A19103F-16F7-4668-BE54-9A1E7A4F7556}") = "api.Shared.Types", "api.Shared.Types\api.Shared.Types.csproj", "{B60BD451-437F-4053-AF26-F554A6141763}"
EndProject
Project("{9A19103F-16F7-4668-BE54-9A1E7A4F7556}") = "api.Achievements.Tests", "api.Achievements.Tests\api.Achievements.Tests.csproj", "{DFAEEE1C-7B85-4587-AAC1-B767010FA427}"
EndProject
Project("{9A19103F-16F7-4668-BE54-9A1E7A4F7556}") = "api.Languages.Tests", "api.Languages.Tests\api.Languages.Tests.csproj", "{908E09C2-04BB-472C-AEF7-03D01605E819}"
EndProject
Project("{9A19103F-16F7-4668-BE54-9A1E7A4F7556}") = "api.ContactItems", "api.ContactItems\api.ContactItems.csproj", "{38BECED2-E37A-4E45-BC39-507CD30BB2F9}"
EndProject
Project("{9A19103F-16F7-4668-BE54-9A1E7A4F7556}") = "api.TextItems.Tests", "api.TextItems.Tests\api.TextItems.Tests.csproj", "{BF04BE23-F76C-4F22-BC1D-11C013BB3620}"
EndProject
Project("{9A19103F-16F7-4668-BE54-9A1E7A4F7556}") = "api.EducationItems", "api.EducationItems\api.EducationItems.csproj", "{900E6370-EC05-4845-9770-3F86D16A872A}"
EndProject
Project("{9A19103F-16F7-4668-BE54-9A1E7A4F7556}") = "api.Languages", "api.Languages\api.Languages.csproj", "{297C2EE7-C6BD-49CC-B1D4-725D23D32B78}"
EndProject
Project("{9A19103F-16F7-4668-BE54-9A1E7A4F7556}") = "api.ContactItems.Tests", "api.ContactItems.Tests\api.ContactItems.Tests.csproj", "{701CEFF8-3774-47F8-9DBE-ED6AF42F4E94}"
EndProject
Project("{9A19103F-16F7-4668-BE54-9A1E7A4F7556}") = "api.Achievements", "api.Achievements\api.Achievements.csproj", "{D260E05E-4204-47FA-9694-364BAC15A2FA}"
EndProject
Project("{9A19103F-16F7-4668-BE54-9A1E7A4F7556}") = "api.Portfolio", "api.Portfolio\api.Portfolio.csproj", "{E52267F5-3580-47E5-AE68-B87AEF126EED}"
EndProject
Project("{9A19103F-16F7-4668-BE54-9A1E7A4F7556}") = "api", "api\api.csproj", "{372C4983-FCAA-4A30-9AF0-576E4E8042EF}"
EndProject
Project("{9A19103F-16F7-4668-BE54-9A1E7A4F7556}") = "api.EducationItems.Tests", "api.EducationItems.Tests\api.EducationItems.Tests.csproj", "{3127727F-3E32-4482-A59F-399A11687778}"
EndProject
Project("{9A19103F-16F7-4668-BE54-9A1E7A4F7556}") = "api.GraphExtensions", "api.GraphExtensions\api.GraphExtensions.csproj", "{B9DF36FA-8FD2-4700-82AB-219FCE3B3D01}"
EndProject
Project("{9A19103F-16F7-4668-BE54-9A1E7A4F7556}") = "api.TextItems", "api.TextItems\api.TextItems.csproj", "{60987494-C506-46C4-87B0-A67676F6629A}"
EndProject
Project("{9A19103F-16F7-4668-BE54-9A1E7A4F7556}") = "api.Categories.Tests", "api.Categories.Tests\api.Categories.Tests.csproj", "{0D15962D-FCBF-4960-917E-1FBBFF6563DA}"
EndProject
Project("{9A19103F-16F7-4668-BE54-9A1E7A4F7556}") = "api.Application.Tests", "api.Application.Tests\api.Application.Tests.csproj", "{EEE5DF7F-6F0D-498E-9B24-F643D7F80A99}"
EndProject
Project("{9A19103F-16F7-4668-BE54-9A1E7A4F7556}") = "ui", "ui\ui.csproj", "{D5FBB199-D3C4-4C3F-9C34-C52B0585E3C0}"
EndProject
Project("{9A19103F-16F7-4668-BE54-9A1E7A4F7556}") = "ui.Tests", "ui.Tests\ui.Tests.csproj", "{A1F6A311-1562-4FEA-9928-5E9878A39202}"
EndProject
Project("{9A19103F-16F7-4668-BE54-9A1E7A4F7556}") = "app.Shared.Logging", "app.Shared.Logging\app.Shared.Logging.csproj", "{964097E2-3200-4C9C-B40C-73825974FEB7}"
EndProject
Project("{9A19103F-16F7-4668-BE54-9A1E7A4F7556}") = "app.Shared.Logging.Tests", "app.Shared.Logging.Tests\app.Shared.Logging.Tests.csproj", "{D1CD1D64-8B59-4C7F-B1B1-F4360BA5DF7B}"
EndProject
Project("{9A19103F-16F7-4668-BE54-9A1E7A4F7556}") = "app.Testing.Shared", "app.Testing.Shared\app.Testing.Shared.csproj", "{85465C5A-0045-4603-88EA-42EDF2608A23}"
EndProject
Project("{9A19103F-16F7-4668-BE54-9A1E7A4F7556}") = "app.Shared.Options", "app.Shared.Options\app.Shared.Options.csproj", "{C33ED1A9-D63E-4D38-B190-AF27E5F2B215}"
EndProject
Project("{9A19103F-16F7-4668-BE54-9A1E7A4F7556}") = "app.Shared.Options.Tests", "app.Shared.Options.Tests\app.Shared.Options.Tests.csproj", "{8A2A9A6F-51E7-4F30-A292-0D6E50F26B84}"
EndProject
Project("{9A19103F-16F7-4668-BE54-9A1E7A4F7556}") = "app.Shared.Proxy", "app.Shared.Proxy\app.Shared.Proxy.csproj", "{B55CF7EE-EC5C-4C1D-817D-6101E1A93406}"
EndProject
Project("{9A19103F-16F7-4668-BE54-9A1E7A4F7556}") = "app.Shared.Proxy.Tests", "app.Shared.Proxy.Tests\app.Shared.Proxy.Tests.csproj", "{F11E1107-08E5-477B-B355-1633B76F8EC2}"
EndProject
Global
	GlobalSection(SolutionConfigurationPlatforms) = preSolution
		Debug|Any CPU = Debug|Any CPU
		Release|Any CPU = Release|Any CPU
	EndGlobalSection
	GlobalSection(ProjectConfigurationPlatforms) = postSolution
		{7AF9A3D8-FB60-44E6-80AD-888C7D5324EC}.Debug|Any CPU.ActiveCfg = Debug|Any CPU
		{7AF9A3D8-FB60-44E6-80AD-888C7D5324EC}.Debug|Any CPU.Build.0 = Debug|Any CPU
		{7AF9A3D8-FB60-44E6-80AD-888C7D5324EC}.Release|Any CPU.ActiveCfg = Release|Any CPU
		{7AF9A3D8-FB60-44E6-80AD-888C7D5324EC}.Release|Any CPU.Build.0 = Release|Any CPU
		{5D183729-DD3A-483D-A77E-DBB581F75AA0}.Debug|Any CPU.ActiveCfg = Debug|Any CPU
		{5D183729-DD3A-483D-A77E-DBB581F75AA0}.Debug|Any CPU.Build.0 = Debug|Any CPU
		{5D183729-DD3A-483D-A77E-DBB581F75AA0}.Release|Any CPU.ActiveCfg = Release|Any CPU
		{5D183729-DD3A-483D-A77E-DBB581F75AA0}.Release|Any CPU.Build.0 = Release|Any CPU
		{FB8F248D-EE2E-46B7-AD2F-43D0CC06AC6F}.Debug|Any CPU.ActiveCfg = Debug|Any CPU
		{FB8F248D-EE2E-46B7-AD2F-43D0CC06AC6F}.Debug|Any CPU.Build.0 = Debug|Any CPU
		{FB8F248D-EE2E-46B7-AD2F-43D0CC06AC6F}.Release|Any CPU.ActiveCfg = Release|Any CPU
		{FB8F248D-EE2E-46B7-AD2F-43D0CC06AC6F}.Release|Any CPU.Build.0 = Release|Any CPU
		{09A4F0A2-B1D0-4DE9-BF3E-039F6EA12DE6}.Debug|Any CPU.ActiveCfg = Debug|Any CPU
		{09A4F0A2-B1D0-4DE9-BF3E-039F6EA12DE6}.Debug|Any CPU.Build.0 = Debug|Any CPU
		{09A4F0A2-B1D0-4DE9-BF3E-039F6EA12DE6}.Release|Any CPU.ActiveCfg = Release|Any CPU
		{09A4F0A2-B1D0-4DE9-BF3E-039F6EA12DE6}.Release|Any CPU.Build.0 = Release|Any CPU
		{5218A374-5393-417E-9FD2-72421177C093}.Debug|Any CPU.ActiveCfg = Debug|Any CPU
		{5218A374-5393-417E-9FD2-72421177C093}.Debug|Any CPU.Build.0 = Debug|Any CPU
		{5218A374-5393-417E-9FD2-72421177C093}.Release|Any CPU.ActiveCfg = Release|Any CPU
		{5218A374-5393-417E-9FD2-72421177C093}.Release|Any CPU.Build.0 = Release|Any CPU
		{B95D3DF4-764C-4A02-959D-C26333847BFD}.Debug|Any CPU.ActiveCfg = Debug|Any CPU
		{B95D3DF4-764C-4A02-959D-C26333847BFD}.Debug|Any CPU.Build.0 = Debug|Any CPU
		{B95D3DF4-764C-4A02-959D-C26333847BFD}.Release|Any CPU.ActiveCfg = Release|Any CPU
		{B95D3DF4-764C-4A02-959D-C26333847BFD}.Release|Any CPU.Build.0 = Release|Any CPU
		{729B7542-56E4-410B-A564-1839BFEEE2D4}.Debug|Any CPU.ActiveCfg = Debug|Any CPU
		{729B7542-56E4-410B-A564-1839BFEEE2D4}.Debug|Any CPU.Build.0 = Debug|Any CPU
		{729B7542-56E4-410B-A564-1839BFEEE2D4}.Release|Any CPU.ActiveCfg = Release|Any CPU
		{729B7542-56E4-410B-A564-1839BFEEE2D4}.Release|Any CPU.Build.0 = Release|Any CPU
		{A8891C8E-D68A-4FC1-AD5C-A299D640C2F6}.Debug|Any CPU.ActiveCfg = Debug|Any CPU
		{A8891C8E-D68A-4FC1-AD5C-A299D640C2F6}.Debug|Any CPU.Build.0 = Debug|Any CPU
		{A8891C8E-D68A-4FC1-AD5C-A299D640C2F6}.Release|Any CPU.ActiveCfg = Release|Any CPU
		{A8891C8E-D68A-4FC1-AD5C-A299D640C2F6}.Release|Any CPU.Build.0 = Release|Any CPU
		{64C17FD4-478E-433A-87D8-93EBD004FA62}.Debug|Any CPU.ActiveCfg = Debug|Any CPU
		{64C17FD4-478E-433A-87D8-93EBD004FA62}.Debug|Any CPU.Build.0 = Debug|Any CPU
		{64C17FD4-478E-433A-87D8-93EBD004FA62}.Release|Any CPU.ActiveCfg = Release|Any CPU
		{64C17FD4-478E-433A-87D8-93EBD004FA62}.Release|Any CPU.Build.0 = Release|Any CPU
		{ED1494EF-A733-4906-8B40-C4A76E922BC2}.Debug|Any CPU.ActiveCfg = Debug|Any CPU
		{ED1494EF-A733-4906-8B40-C4A76E922BC2}.Debug|Any CPU.Build.0 = Debug|Any CPU
		{ED1494EF-A733-4906-8B40-C4A76E922BC2}.Release|Any CPU.ActiveCfg = Release|Any CPU
		{ED1494EF-A733-4906-8B40-C4A76E922BC2}.Release|Any CPU.Build.0 = Release|Any CPU
		{B60BD451-437F-4053-AF26-F554A6141763}.Debug|Any CPU.ActiveCfg = Debug|Any CPU
		{B60BD451-437F-4053-AF26-F554A6141763}.Debug|Any CPU.Build.0 = Debug|Any CPU
		{B60BD451-437F-4053-AF26-F554A6141763}.Release|Any CPU.ActiveCfg = Release|Any CPU
		{B60BD451-437F-4053-AF26-F554A6141763}.Release|Any CPU.Build.0 = Release|Any CPU
		{DFAEEE1C-7B85-4587-AAC1-B767010FA427}.Debug|Any CPU.ActiveCfg = Debug|Any CPU
		{DFAEEE1C-7B85-4587-AAC1-B767010FA427}.Debug|Any CPU.Build.0 = Debug|Any CPU
		{DFAEEE1C-7B85-4587-AAC1-B767010FA427}.Release|Any CPU.ActiveCfg = Release|Any CPU
		{DFAEEE1C-7B85-4587-AAC1-B767010FA427}.Release|Any CPU.Build.0 = Release|Any CPU
		{908E09C2-04BB-472C-AEF7-03D01605E819}.Debug|Any CPU.ActiveCfg = Debug|Any CPU
		{908E09C2-04BB-472C-AEF7-03D01605E819}.Debug|Any CPU.Build.0 = Debug|Any CPU
		{908E09C2-04BB-472C-AEF7-03D01605E819}.Release|Any CPU.ActiveCfg = Release|Any CPU
		{908E09C2-04BB-472C-AEF7-03D01605E819}.Release|Any CPU.Build.0 = Release|Any CPU
		{38BECED2-E37A-4E45-BC39-507CD30BB2F9}.Debug|Any CPU.ActiveCfg = Debug|Any CPU
		{38BECED2-E37A-4E45-BC39-507CD30BB2F9}.Debug|Any CPU.Build.0 = Debug|Any CPU
		{38BECED2-E37A-4E45-BC39-507CD30BB2F9}.Release|Any CPU.ActiveCfg = Release|Any CPU
		{38BECED2-E37A-4E45-BC39-507CD30BB2F9}.Release|Any CPU.Build.0 = Release|Any CPU
		{BF04BE23-F76C-4F22-BC1D-11C013BB3620}.Debug|Any CPU.ActiveCfg = Debug|Any CPU
		{BF04BE23-F76C-4F22-BC1D-11C013BB3620}.Debug|Any CPU.Build.0 = Debug|Any CPU
		{BF04BE23-F76C-4F22-BC1D-11C013BB3620}.Release|Any CPU.ActiveCfg = Release|Any CPU
		{BF04BE23-F76C-4F22-BC1D-11C013BB3620}.Release|Any CPU.Build.0 = Release|Any CPU
		{900E6370-EC05-4845-9770-3F86D16A872A}.Debug|Any CPU.ActiveCfg = Debug|Any CPU
		{900E6370-EC05-4845-9770-3F86D16A872A}.Debug|Any CPU.Build.0 = Debug|Any CPU
		{900E6370-EC05-4845-9770-3F86D16A872A}.Release|Any CPU.ActiveCfg = Release|Any CPU
		{900E6370-EC05-4845-9770-3F86D16A872A}.Release|Any CPU.Build.0 = Release|Any CPU
		{297C2EE7-C6BD-49CC-B1D4-725D23D32B78}.Debug|Any CPU.ActiveCfg = Debug|Any CPU
		{297C2EE7-C6BD-49CC-B1D4-725D23D32B78}.Debug|Any CPU.Build.0 = Debug|Any CPU
		{297C2EE7-C6BD-49CC-B1D4-725D23D32B78}.Release|Any CPU.ActiveCfg = Release|Any CPU
		{297C2EE7-C6BD-49CC-B1D4-725D23D32B78}.Release|Any CPU.Build.0 = Release|Any CPU
		{701CEFF8-3774-47F8-9DBE-ED6AF42F4E94}.Debug|Any CPU.ActiveCfg = Debug|Any CPU
		{701CEFF8-3774-47F8-9DBE-ED6AF42F4E94}.Debug|Any CPU.Build.0 = Debug|Any CPU
		{701CEFF8-3774-47F8-9DBE-ED6AF42F4E94}.Release|Any CPU.ActiveCfg = Release|Any CPU
		{701CEFF8-3774-47F8-9DBE-ED6AF42F4E94}.Release|Any CPU.Build.0 = Release|Any CPU
		{D260E05E-4204-47FA-9694-364BAC15A2FA}.Debug|Any CPU.ActiveCfg = Debug|Any CPU
		{D260E05E-4204-47FA-9694-364BAC15A2FA}.Debug|Any CPU.Build.0 = Debug|Any CPU
		{D260E05E-4204-47FA-9694-364BAC15A2FA}.Release|Any CPU.ActiveCfg = Release|Any CPU
		{D260E05E-4204-47FA-9694-364BAC15A2FA}.Release|Any CPU.Build.0 = Release|Any CPU
		{E52267F5-3580-47E5-AE68-B87AEF126EED}.Debug|Any CPU.ActiveCfg = Debug|Any CPU
		{E52267F5-3580-47E5-AE68-B87AEF126EED}.Debug|Any CPU.Build.0 = Debug|Any CPU
		{E52267F5-3580-47E5-AE68-B87AEF126EED}.Release|Any CPU.ActiveCfg = Release|Any CPU
		{E52267F5-3580-47E5-AE68-B87AEF126EED}.Release|Any CPU.Build.0 = Release|Any CPU
		{372C4983-FCAA-4A30-9AF0-576E4E8042EF}.Debug|Any CPU.ActiveCfg = Debug|Any CPU
		{372C4983-FCAA-4A30-9AF0-576E4E8042EF}.Debug|Any CPU.Build.0 = Debug|Any CPU
		{372C4983-FCAA-4A30-9AF0-576E4E8042EF}.Release|Any CPU.ActiveCfg = Release|Any CPU
		{372C4983-FCAA-4A30-9AF0-576E4E8042EF}.Release|Any CPU.Build.0 = Release|Any CPU
		{3127727F-3E32-4482-A59F-399A11687778}.Debug|Any CPU.ActiveCfg = Debug|Any CPU
		{3127727F-3E32-4482-A59F-399A11687778}.Debug|Any CPU.Build.0 = Debug|Any CPU
		{3127727F-3E32-4482-A59F-399A11687778}.Release|Any CPU.ActiveCfg = Release|Any CPU
		{3127727F-3E32-4482-A59F-399A11687778}.Release|Any CPU.Build.0 = Release|Any CPU
		{B9DF36FA-8FD2-4700-82AB-219FCE3B3D01}.Debug|Any CPU.ActiveCfg = Debug|Any CPU
		{B9DF36FA-8FD2-4700-82AB-219FCE3B3D01}.Debug|Any CPU.Build.0 = Debug|Any CPU
		{B9DF36FA-8FD2-4700-82AB-219FCE3B3D01}.Release|Any CPU.ActiveCfg = Release|Any CPU
		{B9DF36FA-8FD2-4700-82AB-219FCE3B3D01}.Release|Any CPU.Build.0 = Release|Any CPU
		{60987494-C506-46C4-87B0-A67676F6629A}.Debug|Any CPU.ActiveCfg = Debug|Any CPU
		{60987494-C506-46C4-87B0-A67676F6629A}.Debug|Any CPU.Build.0 = Debug|Any CPU
		{60987494-C506-46C4-87B0-A67676F6629A}.Release|Any CPU.ActiveCfg = Release|Any CPU
		{60987494-C506-46C4-87B0-A67676F6629A}.Release|Any CPU.Build.0 = Release|Any CPU
		{0D15962D-FCBF-4960-917E-1FBBFF6563DA}.Debug|Any CPU.ActiveCfg = Debug|Any CPU
		{0D15962D-FCBF-4960-917E-1FBBFF6563DA}.Debug|Any CPU.Build.0 = Debug|Any CPU
		{0D15962D-FCBF-4960-917E-1FBBFF6563DA}.Release|Any CPU.ActiveCfg = Release|Any CPU
		{0D15962D-FCBF-4960-917E-1FBBFF6563DA}.Release|Any CPU.Build.0 = Release|Any CPU
		{EEE5DF7F-6F0D-498E-9B24-F643D7F80A99}.Debug|Any CPU.ActiveCfg = Debug|Any CPU
		{EEE5DF7F-6F0D-498E-9B24-F643D7F80A99}.Debug|Any CPU.Build.0 = Debug|Any CPU
		{EEE5DF7F-6F0D-498E-9B24-F643D7F80A99}.Release|Any CPU.ActiveCfg = Release|Any CPU
		{EEE5DF7F-6F0D-498E-9B24-F643D7F80A99}.Release|Any CPU.Build.0 = Release|Any CPU
		{D5FBB199-D3C4-4C3F-9C34-C52B0585E3C0}.Debug|Any CPU.ActiveCfg = Debug|Any CPU
		{D5FBB199-D3C4-4C3F-9C34-C52B0585E3C0}.Debug|Any CPU.Build.0 = Debug|Any CPU
		{D5FBB199-D3C4-4C3F-9C34-C52B0585E3C0}.Release|Any CPU.ActiveCfg = Release|Any CPU
		{D5FBB199-D3C4-4C3F-9C34-C52B0585E3C0}.Release|Any CPU.Build.0 = Release|Any CPU
		{A1F6A311-1562-4FEA-9928-5E9878A39202}.Debug|Any CPU.ActiveCfg = Debug|Any CPU
		{A1F6A311-1562-4FEA-9928-5E9878A39202}.Debug|Any CPU.Build.0 = Debug|Any CPU
		{A1F6A311-1562-4FEA-9928-5E9878A39202}.Release|Any CPU.ActiveCfg = Release|Any CPU
		{A1F6A311-1562-4FEA-9928-5E9878A39202}.Release|Any CPU.Build.0 = Release|Any CPU
		{964097E2-3200-4C9C-B40C-73825974FEB7}.Debug|Any CPU.ActiveCfg = Debug|Any CPU
		{964097E2-3200-4C9C-B40C-73825974FEB7}.Debug|Any CPU.Build.0 = Debug|Any CPU
		{964097E2-3200-4C9C-B40C-73825974FEB7}.Release|Any CPU.ActiveCfg = Release|Any CPU
		{964097E2-3200-4C9C-B40C-73825974FEB7}.Release|Any CPU.Build.0 = Release|Any CPU
		{D1CD1D64-8B59-4C7F-B1B1-F4360BA5DF7B}.Debug|Any CPU.ActiveCfg = Debug|Any CPU
		{D1CD1D64-8B59-4C7F-B1B1-F4360BA5DF7B}.Debug|Any CPU.Build.0 = Debug|Any CPU
		{D1CD1D64-8B59-4C7F-B1B1-F4360BA5DF7B}.Release|Any CPU.ActiveCfg = Release|Any CPU
		{D1CD1D64-8B59-4C7F-B1B1-F4360BA5DF7B}.Release|Any CPU.Build.0 = Release|Any CPU
		{85465C5A-0045-4603-88EA-42EDF2608A23}.Debug|Any CPU.ActiveCfg = Debug|Any CPU
		{85465C5A-0045-4603-88EA-42EDF2608A23}.Debug|Any CPU.Build.0 = Debug|Any CPU
		{85465C5A-0045-4603-88EA-42EDF2608A23}.Release|Any CPU.ActiveCfg = Release|Any CPU
		{85465C5A-0045-4603-88EA-42EDF2608A23}.Release|Any CPU.Build.0 = Release|Any CPU
		{C33ED1A9-D63E-4D38-B190-AF27E5F2B215}.Debug|Any CPU.ActiveCfg = Debug|Any CPU
		{C33ED1A9-D63E-4D38-B190-AF27E5F2B215}.Debug|Any CPU.Build.0 = Debug|Any CPU
		{C33ED1A9-D63E-4D38-B190-AF27E5F2B215}.Release|Any CPU.ActiveCfg = Release|Any CPU
		{C33ED1A9-D63E-4D38-B190-AF27E5F2B215}.Release|Any CPU.Build.0 = Release|Any CPU
		{8A2A9A6F-51E7-4F30-A292-0D6E50F26B84}.Debug|Any CPU.ActiveCfg = Debug|Any CPU
		{8A2A9A6F-51E7-4F30-A292-0D6E50F26B84}.Debug|Any CPU.Build.0 = Debug|Any CPU
		{8A2A9A6F-51E7-4F30-A292-0D6E50F26B84}.Release|Any CPU.ActiveCfg = Release|Any CPU
		{8A2A9A6F-51E7-4F30-A292-0D6E50F26B84}.Release|Any CPU.Build.0 = Release|Any CPU
		{B55CF7EE-EC5C-4C1D-817D-6101E1A93406}.Debug|Any CPU.ActiveCfg = Debug|Any CPU
		{B55CF7EE-EC5C-4C1D-817D-6101E1A93406}.Debug|Any CPU.Build.0 = Debug|Any CPU
		{B55CF7EE-EC5C-4C1D-817D-6101E1A93406}.Release|Any CPU.ActiveCfg = Release|Any CPU
		{B55CF7EE-EC5C-4C1D-817D-6101E1A93406}.Release|Any CPU.Build.0 = Release|Any CPU
		{F11E1107-08E5-477B-B355-1633B76F8EC2}.Debug|Any CPU.ActiveCfg = Debug|Any CPU
		{F11E1107-08E5-477B-B355-1633B76F8EC2}.Debug|Any CPU.Build.0 = Debug|Any CPU
		{F11E1107-08E5-477B-B355-1633B76F8EC2}.Release|Any CPU.ActiveCfg = Release|Any CPU
		{F11E1107-08E5-477B-B355-1633B76F8EC2}.Release|Any CPU.Build.0 = Release|Any CPU
	EndGlobalSection
	GlobalSection(SolutionProperties) = preSolution
		HideSolutionNode = FALSE
	EndGlobalSection
	GlobalSection(ExtensibilityGlobals) = postSolution
		SolutionGuid = {CE94B24D-41BB-4082-BF79-0134E694F199}
	EndGlobalSection
EndGlobal
